// !$*UTF8*$!
{
	archiveVersion = 1;
	classes = {
	};
	objectVersion = 46;
	objects = {

/* Begin PBXBuildFile section */
		FB353EBA1DCA17C70024E1D5 /* main.m in Sources */ = {isa = PBXBuildFile; fileRef = FB353EB91DCA17C70024E1D5 /* main.m */; };
		FB353EBD1DCA17C70024E1D5 /* AppDelegate.m in Sources */ = {isa = PBXBuildFile; fileRef = FB353EBC1DCA17C70024E1D5 /* AppDelegate.m */; };
		FB353EC01DCA17C70024E1D5 /* ViewController.m in Sources */ = {isa = PBXBuildFile; fileRef = FB353EBF1DCA17C70024E1D5 /* ViewController.m */; };
		FB353EC31DCA17C70024E1D5 /* Main.storyboard in Resources */ = {isa = PBXBuildFile; fileRef = FB353EC11DCA17C70024E1D5 /* Main.storyboard */; };
		FB353EC51DCA17C70024E1D5 /* Assets.xcassets in Resources */ = {isa = PBXBuildFile; fileRef = FB353EC41DCA17C70024E1D5 /* Assets.xcassets */; };
		FB353EC81DCA17C70024E1D5 /* LaunchScreen.storyboard in Resources */ = {isa = PBXBuildFile; fileRef = FB353EC61DCA17C70024E1D5 /* LaunchScreen.storyboard */; };
		FB353ED31DCA17C70024E1D5 /* Calculadora_iOSTests.m in Sources */ = {isa = PBXBuildFile; fileRef = FB353ED21DCA17C70024E1D5 /* Calculadora_iOSTests.m */; };
		FB353EDE1DCA17C70024E1D5 /* Calculadora_iOSUITests.m in Sources */ = {isa = PBXBuildFile; fileRef = FB353EDD1DCA17C70024E1D5 /* Calculadora_iOSUITests.m */; };
/* End PBXBuildFile section */

/* Begin PBXContainerItemProxy section */
		FB353ECF1DCA17C70024E1D5 /* PBXContainerItemProxy */ = {
			isa = PBXContainerItemProxy;
			containerPortal = FB353EAD1DCA17C70024E1D5 /* Project object */;
			proxyType = 1;
			remoteGlobalIDString = FB353EB41DCA17C70024E1D5;
			remoteInfo = Calculadora_iOS;
		};
		FB353EDA1DCA17C70024E1D5 /* PBXContainerItemProxy */ = {
			isa = PBXContainerItemProxy;
			containerPortal = FB353EAD1DCA17C70024E1D5 /* Project object */;
			proxyType = 1;
			remoteGlobalIDString = FB353EB41DCA17C70024E1D5;
			remoteInfo = Calculadora_iOS;
		};
/* End PBXContainerItemProxy section */

/* Begin PBXFileReference section */
		FB353EB51DCA17C70024E1D5 /* Calculadora_iOS.app */ = {isa = PBXFileReference; explicitFileType = wrapper.application; includeInIndex = 0; path = Calculadora_iOS.app; sourceTree = BUILT_PRODUCTS_DIR; };
		FB353EB91DCA17C70024E1D5 /* main.m */ = {isa = PBXFileReference; lastKnownFileType = sourcecode.c.objc; path = main.m; sourceTree = "<group>"; };
		FB353EBB1DCA17C70024E1D5 /* AppDelegate.h */ = {isa = PBXFileReference; lastKnownFileType = sourcecode.c.h; path = AppDelegate.h; sourceTree = "<group>"; };
		FB353EBC1DCA17C70024E1D5 /* AppDelegate.m */ = {isa = PBXFileReference; lastKnownFileType = sourcecode.c.objc; path = AppDelegate.m; sourceTree = "<group>"; };
		FB353EBE1DCA17C70024E1D5 /* ViewController.h */ = {isa = PBXFileReference; lastKnownFileType = sourcecode.c.h; path = ViewController.h; sourceTree = "<group>"; };
		FB353EBF1DCA17C70024E1D5 /* ViewController.m */ = {isa = PBXFileReference; lastKnownFileType = sourcecode.c.objc; path = ViewController.m; sourceTree = "<group>"; };
		FB353EC21DCA17C70024E1D5 /* Base */ = {isa = PBXFileReference; lastKnownFileType = file.storyboard; name = Base; path = Base.lproj/Main.storyboard; sourceTree = "<group>"; };
		FB353EC41DCA17C70024E1D5 /* Assets.xcassets */ = {isa = PBXFileReference; lastKnownFileType = folder.assetcatalog; path = Assets.xcassets; sourceTree = "<group>"; };
		FB353EC71DCA17C70024E1D5 /* Base */ = {isa = PBXFileReference; lastKnownFileType = file.storyboard; name = Base; path = Base.lproj/LaunchScreen.storyboard; sourceTree = "<group>"; };
		FB353EC91DCA17C70024E1D5 /* Info.plist */ = {isa = PBXFileReference; lastKnownFileType = text.plist.xml; path = Info.plist; sourceTree = "<group>"; };
		FB353ECE1DCA17C70024E1D5 /* Calculadora_iOSTests.xctest */ = {isa = PBXFileReference; explicitFileType = wrapper.cfbundle; includeInIndex = 0; path = Calculadora_iOSTests.xctest; sourceTree = BUILT_PRODUCTS_DIR; };
		FB353ED21DCA17C70024E1D5 /* Calculadora_iOSTests.m */ = {isa = PBXFileReference; lastKnownFileType = sourcecode.c.objc; path = Calculadora_iOSTests.m; sourceTree = "<group>"; };
		FB353ED41DCA17C70024E1D5 /* Info.plist */ = {isa = PBXFileReference; lastKnownFileType = text.plist.xml; path = Info.plist; sourceTree = "<group>"; };
		FB353ED91DCA17C70024E1D5 /* Calculadora_iOSUITests.xctest */ = {isa = PBXFileReference; explicitFileType = wrapper.cfbundle; includeInIndex = 0; path = Calculadora_iOSUITests.xctest; sourceTree = BUILT_PRODUCTS_DIR; };
		FB353EDD1DCA17C70024E1D5 /* Calculadora_iOSUITests.m */ = {isa = PBXFileReference; lastKnownFileType = sourcecode.c.objc; path = Calculadora_iOSUITests.m; sourceTree = "<group>"; };
		FB353EDF1DCA17C70024E1D5 /* Info.plist */ = {isa = PBXFileReference; lastKnownFileType = text.plist.xml; path = Info.plist; sourceTree = "<group>"; };
/* End PBXFileReference section */

/* Begin PBXFrameworksBuildPhase section */
		FB353EB21DCA17C70024E1D5 /* Frameworks */ = {
			isa = PBXFrameworksBuildPhase;
			buildActionMask = 2147483647;
			files = (
			);
			runOnlyForDeploymentPostprocessing = 0;
		};
		FB353ECB1DCA17C70024E1D5 /* Frameworks */ = {
			isa = PBXFrameworksBuildPhase;
			buildActionMask = 2147483647;
			files = (
			);
			runOnlyForDeploymentPostprocessing = 0;
		};
		FB353ED61DCA17C70024E1D5 /* Frameworks */ = {
			isa = PBXFrameworksBuildPhase;
			buildActionMask = 2147483647;
			files = (
			);
			runOnlyForDeploymentPostprocessing = 0;
		};
/* End PBXFrameworksBuildPhase section */

/* Begin PBXGroup section */
		FB353EAC1DCA17C70024E1D5 = {
			isa = PBXGroup;
			children = (
				FB353EB71DCA17C70024E1D5 /* Calculadora_iOS */,
				FB353ED11DCA17C70024E1D5 /* Calculadora_iOSTests */,
				FB353EDC1DCA17C70024E1D5 /* Calculadora_iOSUITests */,
				FB353EB61DCA17C70024E1D5 /* Products */,
			);
			sourceTree = "<group>";
		};
		FB353EB61DCA17C70024E1D5 /* Products */ = {
			isa = PBXGroup;
			children = (
				FB353EB51DCA17C70024E1D5 /* Calculadora_iOS.app */,
				FB353ECE1DCA17C70024E1D5 /* Calculadora_iOSTests.xctest */,
				FB353ED91DCA17C70024E1D5 /* Calculadora_iOSUITests.xctest */,
			);
			name = Products;
			sourceTree = "<group>";
		};
		FB353EB71DCA17C70024E1D5 /* Calculadora_iOS */ = {
			isa = PBXGroup;
			children = (
				FB353EBB1DCA17C70024E1D5 /* AppDelegate.h */,
				FB353EBC1DCA17C70024E1D5 /* AppDelegate.m */,
				FB353EBE1DCA17C70024E1D5 /* ViewController.h */,
				FB353EBF1DCA17C70024E1D5 /* ViewController.m */,
				FB353EC11DCA17C70024E1D5 /* Main.storyboard */,
				FB353EC41DCA17C70024E1D5 /* Assets.xcassets */,
				FB353EC61DCA17C70024E1D5 /* LaunchScreen.storyboard */,
				FB353EC91DCA17C70024E1D5 /* Info.plist */,
				FB353EB81DCA17C70024E1D5 /* Supporting Files */,
			);
			path = Calculadora_iOS;
			sourceTree = "<group>";
		};
		FB353EB81DCA17C70024E1D5 /* Supporting Files */ = {
			isa = PBXGroup;
			children = (
				FB353EB91DCA17C70024E1D5 /* main.m */,
			);
			name = "Supporting Files";
			sourceTree = "<group>";
		};
		FB353ED11DCA17C70024E1D5 /* Calculadora_iOSTests */ = {
			isa = PBXGroup;
			children = (
				FB353ED21DCA17C70024E1D5 /* Calculadora_iOSTests.m */,
				FB353ED41DCA17C70024E1D5 /* Info.plist */,
			);
			path = Calculadora_iOSTests;
			sourceTree = "<group>";
		};
		FB353EDC1DCA17C70024E1D5 /* Calculadora_iOSUITests */ = {
			isa = PBXGroup;
			children = (
				FB353EDD1DCA17C70024E1D5 /* Calculadora_iOSUITests.m */,
				FB353EDF1DCA17C70024E1D5 /* Info.plist */,
			);
			path = Calculadora_iOSUITests;
			sourceTree = "<group>";
		};
/* End PBXGroup section */

/* Begin PBXNativeTarget section */
		FB353EB41DCA17C70024E1D5 /* Calculadora_iOS */ = {
			isa = PBXNativeTarget;
			buildConfigurationList = FB353EE21DCA17C70024E1D5 /* Build configuration list for PBXNativeTarget "Calculadora_iOS" */;
			buildPhases = (
				FB353EB11DCA17C70024E1D5 /* Sources */,
				FB353EB21DCA17C70024E1D5 /* Frameworks */,
				FB353EB31DCA17C70024E1D5 /* Resources */,
			);
			buildRules = (
			);
			dependencies = (
			);
			name = Calculadora_iOS;
			productName = Calculadora_iOS;
			productReference = FB353EB51DCA17C70024E1D5 /* Calculadora_iOS.app */;
			productType = "com.apple.product-type.application";
		};
		FB353ECD1DCA17C70024E1D5 /* Calculadora_iOSTests */ = {
			isa = PBXNativeTarget;
			buildConfigurationList = FB353EE51DCA17C70024E1D5 /* Build configuration list for PBXNativeTarget "Calculadora_iOSTests" */;
			buildPhases = (
				FB353ECA1DCA17C70024E1D5 /* Sources */,
				FB353ECB1DCA17C70024E1D5 /* Frameworks */,
				FB353ECC1DCA17C70024E1D5 /* Resources */,
			);
			buildRules = (
			);
			dependencies = (
				FB353ED01DCA17C70024E1D5 /* PBXTargetDependency */,
			);
			name = Calculadora_iOSTests;
			productName = Calculadora_iOSTests;
			productReference = FB353ECE1DCA17C70024E1D5 /* Calculadora_iOSTests.xctest */;
			productType = "com.apple.product-type.bundle.unit-test";
		};
		FB353ED81DCA17C70024E1D5 /* Calculadora_iOSUITests */ = {
			isa = PBXNativeTarget;
			buildConfigurationList = FB353EE81DCA17C70024E1D5 /* Build configuration list for PBXNativeTarget "Calculadora_iOSUITests" */;
			buildPhases = (
				FB353ED51DCA17C70024E1D5 /* Sources */,
				FB353ED61DCA17C70024E1D5 /* Frameworks */,
				FB353ED71DCA17C70024E1D5 /* Resources */,
			);
			buildRules = (
			);
			dependencies = (
				FB353EDB1DCA17C70024E1D5 /* PBXTargetDependency */,
			);
			name = Calculadora_iOSUITests;
			productName = Calculadora_iOSUITests;
			productReference = FB353ED91DCA17C70024E1D5 /* Calculadora_iOSUITests.xctest */;
			productType = "com.apple.product-type.bundle.ui-testing";
		};
/* End PBXNativeTarget section */

/* Begin PBXProject section */
		FB353EAD1DCA17C70024E1D5 /* Project object */ = {
			isa = PBXProject;
			attributes = {
				LastUpgradeCheck = 0730;
				ORGANIZATIONNAME = Alumno;
				TargetAttributes = {
					FB353EB41DCA17C70024E1D5 = {
						CreatedOnToolsVersion = 7.3;
					};
					FB353ECD1DCA17C70024E1D5 = {
						CreatedOnToolsVersion = 7.3;
						TestTargetID = FB353EB41DCA17C70024E1D5;
					};
					FB353ED81DCA17C70024E1D5 = {
						CreatedOnToolsVersion = 7.3;
						TestTargetID = FB353EB41DCA17C70024E1D5;
					};
				};
			};
			buildConfigurationList = FB353EB01DCA17C70024E1D5 /* Build configuration list for PBXProject "Calculadora_iOS" */;
			compatibilityVersion = "Xcode 3.2";
			developmentRegion = English;
			hasScannedForEncodings = 0;
			knownRegions = (
				en,
				Base,
			);
			mainGroup = FB353EAC1DCA17C70024E1D5;
			productRefGroup = FB353EB61DCA17C70024E1D5 /* Products */;
			projectDirPath = "";
			projectRoot = "";
			targets = (
				FB353EB41DCA17C70024E1D5 /* Calculadora_iOS */,
				FB353ECD1DCA17C70024E1D5 /* Calculadora_iOSTests */,
				FB353ED81DCA17C70024E1D5 /* Calculadora_iOSUITests */,
			);
		};
/* End PBXProject section */

/* Begin PBXResourcesBuildPhase section */
		FB353EB31DCA17C70024E1D5 /* Resources */ = {
			isa = PBXResourcesBuildPhase;
			buildActionMask = 2147483647;
			files = (
				FB353EC81DCA17C70024E1D5 /* LaunchScreen.storyboard in Resources */,
				FB353EC51DCA17C70024E1D5 /* Assets.xcassets in Resources */,
				FB353EC31DCA17C70024E1D5 /* Main.storyboard in Resources */,
			);
			runOnlyForDeploymentPostprocessing = 0;
		};
		FB353ECC1DCA17C70024E1D5 /* Resources */ = {
			isa = PBXResourcesBuildPhase;
			buildActionMask = 2147483647;
			files = (
			);
			runOnlyForDeploymentPostprocessing = 0;
		};
		FB353ED71DCA17C70024E1D5 /* Resources */ = {
			isa = PBXResourcesBuildPhase;
			buildActionMask = 2147483647;
			files = (
			);
			runOnlyForDeploymentPostprocessing = 0;
		};
/* End PBXResourcesBuildPhase section */

/* Begin PBXSourcesBuildPhase section */
		FB353EB11DCA17C70024E1D5 /* Sources */ = {
			isa = PBXSourcesBuildPhase;
			buildActionMask = 2147483647;
			files = (
				FB353EC01DCA17C70024E1D5 /* ViewController.m in Sources */,
				FB353EBD1DCA17C70024E1D5 /* AppDelegate.m in Sources */,
				FB353EBA1DCA17C70024E1D5 /* main.m in Sources */,
			);
			runOnlyForDeploymentPostprocessing = 0;
		};
		FB353ECA1DCA17C70024E1D5 /* Sources */ = {
			isa = PBXSourcesBuildPhase;
			buildActionMask = 2147483647;
			files = (
				FB353ED31DCA17C70024E1D5 /* Calculadora_iOSTests.m in Sources */,
			);
			runOnlyForDeploymentPostprocessing = 0;
		};
		FB353ED51DCA17C70024E1D5 /* Sources */ = {
			isa = PBXSourcesBuildPhase;
			buildActionMask = 2147483647;
			files = (
				FB353EDE1DCA17C70024E1D5 /* Calculadora_iOSUITests.m in Sources */,
			);
			runOnlyForDeploymentPostprocessing = 0;
		};
/* End PBXSourcesBuildPhase section */

/* Begin PBXTargetDependency section */
		FB353ED01DCA17C70024E1D5 /* PBXTargetDependency */ = {
			isa = PBXTargetDependency;
			target = FB353EB41DCA17C70024E1D5 /* Calculadora_iOS */;
			targetProxy = FB353ECF1DCA17C70024E1D5 /* PBXContainerItemProxy */;
		};
		FB353EDB1DCA17C70024E1D5 /* PBXTargetDependency */ = {
			isa = PBXTargetDependency;
			target = FB353EB41DCA17C70024E1D5 /* Calculadora_iOS */;
			targetProxy = FB353EDA1DCA17C70024E1D5 /* PBXContainerItemProxy */;
		};
/* End PBXTargetDependency section */

/* Begin PBXVariantGroup section */
		FB353EC11DCA17C70024E1D5 /* Main.storyboard */ = {
			isa = PBXVariantGroup;
			children = (
				FB353EC21DCA17C70024E1D5 /* Base */,
			);
			name = Main.storyboard;
			sourceTree = "<group>";
		};
		FB353EC61DCA17C70024E1D5 /* LaunchScreen.storyboard */ = {
			isa = PBXVariantGroup;
			children = (
				FB353EC71DCA17C70024E1D5 /* Base */,
			);
			name = LaunchScreen.storyboard;
			sourceTree = "<group>";
		};
/* End PBXVariantGroup section */

/* Begin XCBuildConfiguration section */
		FB353EE01DCA17C70024E1D5 /* Debug */ = {
			isa = XCBuildConfiguration;
			buildSettings = {
				ALWAYS_SEARCH_USER_PATHS = NO;
				CLANG_ANALYZER_NONNULL = YES;
				CLANG_CXX_LANGUAGE_STANDARD = "gnu++0x";
				CLANG_CXX_LIBRARY = "libc++";
				CLANG_ENABLE_MODULES = YES;
				CLANG_ENABLE_OBJC_ARC = YES;
				CLANG_WARN_BOOL_CONVERSION = YES;
				CLANG_WARN_CONSTANT_CONVERSION = YES;
				CLANG_WARN_DIRECT_OBJC_ISA_USAGE = YES_ERROR;
				CLANG_WARN_EMPTY_BODY = YES;
				CLANG_WARN_ENUM_CONVERSION = YES;
				CLANG_WARN_INT_CONVERSION = YES;
				CLANG_WARN_OBJC_ROOT_CLASS = YES_ERROR;
				CLANG_WARN_UNREACHABLE_CODE = YES;
				CLANG_WARN__DUPLICATE_METHOD_MATCH = YES;
				"CODE_SIGN_IDENTITY[sdk=iphoneos*]" = "iPhone Developer";
				COPY_PHASE_STRIP = NO;
				DEBUG_INFORMATION_FORMAT = dwarf;
				ENABLE_STRICT_OBJC_MSGSEND = YES;
				ENABLE_TESTABILITY = YES;
				GCC_C_LANGUAGE_STANDARD = gnu99;
				GCC_DYNAMIC_NO_PIC = NO;
				GCC_NO_COMMON_BLOCKS = YES;
				GCC_OPTIMIZATION_LEVEL = 0;
				GCC_PREPROCESSOR_DEFINITIONS = (
					"DEBUG=1",
					"$(inherited)",
				);
				GCC_WARN_64_TO_32_BIT_CONVERSION = YES;
				GCC_WARN_ABOUT_RETURN_TYPE = YES_ERROR;
				GCC_WARN_UNDECLARED_SELECTOR = YES;
				GCC_WARN_UNINITIALIZED_AUTOS = YES_AGGRESSIVE;
				GCC_WARN_UNUSED_FUNCTION = YES;
				GCC_WARN_UNUSED_VARIABLE = YES;
				IPHONEOS_DEPLOYMENT_TARGET = 9.3;
				MTL_ENABLE_DEBUG_INFO = YES;
				ONLY_ACTIVE_ARCH = YES;
				SDKROOT = iphoneos;
				TARGETED_DEVICE_FAMILY = "1,2";
			};
			name = Debug;
		};
		FB353EE11DCA17C70024E1D5 /* Release */ = {
			isa = XCBuildConfiguration;
			buildSettings = {
				ALWAYS_SEARCH_USER_PATHS = NO;
				CLANG_ANALYZER_NONNULL = YES;
				CLANG_CXX_LANGUAGE_STANDARD = "gnu++0x";
				CLANG_CXX_LIBRARY = "libc++";
				CLANG_ENABLE_MODULES = YES;
				CLANG_ENABLE_OBJC_ARC = YES;
				CLANG_WARN_BOOL_CONVERSION = YES;
				CLANG_WARN_CONSTANT_CONVERSION = YES;
				CLANG_WARN_DIRECT_OBJC_ISA_USAGE = YES_ERROR;
				CLANG_WARN_EMPTY_BODY = YES;
				CLANG_WARN_ENUM_CONVERSION = YES;
				CLANG_WARN_INT_CONVERSION = YES;
				CLANG_WARN_OBJC_ROOT_CLASS = YES_ERROR;
				CLANG_WARN_UNREACHABLE_CODE = YES;
				CLANG_WARN__DUPLICATE_METHOD_MATCH = YES;
				"CODE_SIGN_IDENTITY[sdk=iphoneos*]" = "iPhone Developer";
				COPY_PHASE_STRIP = NO;
				DEBUG_INFORMATION_FORMAT = "dwarf-with-dsym";
				ENABLE_NS_ASSERTIONS = NO;
				ENABLE_STRICT_OBJC_MSGSEND = YES;
				GCC_C_LANGUAGE_STANDARD = gnu99;
				GCC_NO_COMMON_BLOCKS = YES;
				GCC_WARN_64_TO_32_BIT_CONVERSION = YES;
				GCC_WARN_ABOUT_RETURN_TYPE = YES_ERROR;
				GCC_WARN_UNDECLARED_SELECTOR = YES;
				GCC_WARN_UNINITIALIZED_AUTOS = YES_AGGRESSIVE;
				GCC_WARN_UNUSED_FUNCTION = YES;
				GCC_WARN_UNUSED_VARIABLE = YES;
				IPHONEOS_DEPLOYMENT_TARGET = 9.3;
				MTL_ENABLE_DEBUG_INFO = NO;
				SDKROOT = iphoneos;
				TARGETED_DEVICE_FAMILY = "1,2";
				VALIDATE_PRODUCT = YES;
			};
			name = Release;
		};
		FB353EE31DCA17C70024E1D5 /* Debug */ = {
			isa = XCBuildConfiguration;
			buildSettings = {
				ASSETCATALOG_COMPILER_APPICON_NAME = AppIcon;
				INFOPLIST_FILE = Calculadora_iOS/Info.plist;
				LD_RUNPATH_SEARCH_PATHS = "$(inherited) @executable_path/Frameworks";
				PRODUCT_BUNDLE_IDENTIFIER = "test.Calculadora-iOS";
				PRODUCT_NAME = "$(TARGET_NAME)";
			};
			name = Debug;
		};
		FB353EE41DCA17C70024E1D5 /* Release */ = {
			isa = XCBuildConfiguration;
			buildSettings = {
				ASSETCATALOG_COMPILER_APPICON_NAME = AppIcon;
				INFOPLIST_FILE = Calculadora_iOS/Info.plist;
				LD_RUNPATH_SEARCH_PATHS = "$(inherited) @executable_path/Frameworks";
				PRODUCT_BUNDLE_IDENTIFIER = "test.Calculadora-iOS";
				PRODUCT_NAME = "$(TARGET_NAME)";
			};
			name = Release;
		};
		FB353EE61DCA17C70024E1D5 /* Debug */ = {
			isa = XCBuildConfiguration;
			buildSettings = {
				BUNDLE_LOADER = "$(TEST_HOST)";
				INFOPLIST_FILE = Calculadora_iOSTests/Info.plist;
				LD_RUNPATH_SEARCH_PATHS = "$(inherited) @executable_path/Frameworks @loader_path/Frameworks";
				PRODUCT_BUNDLE_IDENTIFIER = "test.Calculadora-iOSTests";
				PRODUCT_NAME = "$(TARGET_NAME)";
				TEST_HOST = "$(BUILT_PRODUCTS_DIR)/Calculadora_iOS.app/Calculadora_iOS";
			};
			name = Debug;
		};
		FB353EE71DCA17C70024E1D5 /* Release */ = {
			isa = XCBuildConfiguration;
			buildSettings = {
				BUNDLE_LOADER = "$(TEST_HOST)";
				INFOPLIST_FILE = Calculadora_iOSTests/Info.plist;
				LD_RUNPATH_SEARCH_PATHS = "$(inherited) @executable_path/Frameworks @loader_path/Frameworks";
				PRODUCT_BUNDLE_IDENTIFIER = "test.Calculadora-iOSTests";
				PRODUCT_NAME = "$(TARGET_NAME)";
				TEST_HOST = "$(BUILT_PRODUCTS_DIR)/Calculadora_iOS.app/Calculadora_iOS";
			};
			name = Release;
		};
		FB353EE91DCA17C70024E1D5 /* Debug */ = {
			isa = XCBuildConfiguration;
			buildSettings = {
				INFOPLIST_FILE = Calculadora_iOSUITests/Info.plist;
				LD_RUNPATH_SEARCH_PATHS = "$(inherited) @executable_path/Frameworks @loader_path/Frameworks";
				PRODUCT_BUNDLE_IDENTIFIER = "test.Calculadora-iOSUITests";
				PRODUCT_NAME = "$(TARGET_NAME)";
				TEST_TARGET_NAME = Calculadora_iOS;
			};
			name = Debug;
		};
		FB353EEA1DCA17C70024E1D5 /* Release */ = {
			isa = XCBuildConfiguration;
			buildSettings = {
				INFOPLIST_FILE = Calculadora_iOSUITests/Info.plist;
				LD_RUNPATH_SEARCH_PATHS = "$(inherited) @executable_path/Frameworks @loader_path/Frameworks";
				PRODUCT_BUNDLE_IDENTIFIER = "test.Calculadora-iOSUITests";
				PRODUCT_NAME = "$(TARGET_NAME)";
				TEST_TARGET_NAME = Calculadora_iOS;
			};
			name = Release;
		};
/* End XCBuildConfiguration section */

/* Begin XCConfigurationList section */
		FB353EB01DCA17C70024E1D5 /* Build configuration list for PBXProject "Calculadora_iOS" */ = {
			isa = XCConfigurationList;
			buildConfigurations = (
				FB353EE01DCA17C70024E1D5 /* Debug */,
				FB353EE11DCA17C70024E1D5 /* Release */,
			);
			defaultConfigurationIsVisible = 0;
			defaultConfigurationName = Release;
		};
		FB353EE21DCA17C70024E1D5 /* Build configuration list for PBXNativeTarget "Calculadora_iOS" */ = {
			isa = XCConfigurationList;
			buildConfigurations = (
				FB353EE31DCA17C70024E1D5 /* Debug */,
				FB353EE41DCA17C70024E1D5 /* Release */,
			);
			defaultConfigurationIsVisible = 0;
		};
		FB353EE51DCA17C70024E1D5 /* Build configuration list for PBXNativeTarget "Calculadora_iOSTests" */ = {
			isa = XCConfigurationList;
			buildConfigurations = (
				FB353EE61DCA17C70024E1D5 /* Debug */,
				FB353EE71DCA17C70024E1D5 /* Release */,
			);
			defaultConfigurationIsVisible = 0;
		};
		FB353EE81DCA17C70024E1D5 /* Build configuration list for PBXNativeTarget "Calculadora_iOSUITests" */ = {
			isa = XCConfigurationList;
			buildConfigurations = (
				FB353EE91DCA17C70024E1D5 /* Debug */,
				FB353EEA1DCA17C70024E1D5 /* Release */,
			);
			defaultConfigurationIsVisible = 0;
		};
/* End XCConfigurationList section */
	};
	rootObject = FB353EAD1DCA17C70024E1D5 /* Project object */;
}
